
Microsoft Visual Studio Solution File, Format Version 12.00
# Visual Studio 15
VisualStudioVersion = 15.0.28307.645
MinimumVisualStudioVersion = 10.0.40219.1
Project("{FAE04EC0-301F-11D3-BF4B-00C04F79EFBC}") = "XUnitTestProject2", "XUnitTestProject2\XUnitTestProject2.csproj", "{0BBC590C-C708-496B-9737-0AD5D7BFF061}"
EndProject
Global
	GlobalSection(SolutionConfigurationPlatforms) = preSolution
		Debug|Any CPU = Debug|Any CPU
		Release|Any CPU = Release|Any CPU
	EndGlobalSection
	GlobalSection(ProjectConfigurationPlatforms) = postSolution
		{0BBC590C-C708-496B-9737-0AD5D7BFF061}.Debug|Any CPU.ActiveCfg = Debug|Any CPU
		{0BBC590C-C708-496B-9737-0AD5D7BFF061}.Debug|Any CPU.Build.0 = Debug|Any CPU
		{0BBC590C-C708-496B-9737-0AD5D7BFF061}.Release|Any CPU.ActiveCfg = Release|Any CPU
		{0BBC590C-C708-496B-9737-0AD5D7BFF061}.Release|Any CPU.Build.0 = Release|Any CPU
	EndGlobalSection
	GlobalSection(SolutionProperties) = preSolution
		HideSolutionNode = FALSE
	EndGlobalSection
	GlobalSection(ExtensibilityGlobals) = postSolution
		SolutionGuid = {B4464162-6093-4B72-8FEC-14777999F708}
	EndGlobalSection
EndGlobal
